
Microsoft Visual Studio Solution File, Format Version 12.00
# Visual Studio Version 17
VisualStudioVersion = 17.4.33403.182
MinimumVisualStudioVersion = 10.0.40219.1
Project("{9A19103F-16F7-4668-BE54-9A1E7A4F7556}") = "TeamBuilderAPI", "TeamBuilderAPI\TeamBuilderAPI.csproj", "{3AB5F38B-F869-41AF-A72E-83320F1B7D49}"
EndProject
Project("{9A19103F-16F7-4668-BE54-9A1E7A4F7556}") = "TeamBuilderServerApp", "TeamBuilderServerApp\TeamBuilderServerApp.csproj", "{A820210E-D0EA-404E-B6C2-A0076C2DF1D6}"
	ProjectSection(ProjectDependencies) = postProject
		{3AB5F38B-F869-41AF-A72E-83320F1B7D49} = {3AB5F38B-F869-41AF-A72E-83320F1B7D49}
	EndProjectSection
EndProject
Project("{9A19103F-16F7-4668-BE54-9A1E7A4F7556}") = "TeamBuilder.Domain", "TeamBuilder.Domain\TeamBuilder.Domain.csproj", "{77FEA2D0-7642-40AF-9830-50B90774D382}"
EndProject
Global
	GlobalSection(SolutionConfigurationPlatforms) = preSolution
		Debug|Any CPU = Debug|Any CPU
		Release|Any CPU = Release|Any CPU
	EndGlobalSection
	GlobalSection(ProjectConfigurationPlatforms) = postSolution
		{3AB5F38B-F869-41AF-A72E-83320F1B7D49}.Debug|Any CPU.ActiveCfg = Debug|Any CPU
		{3AB5F38B-F869-41AF-A72E-83320F1B7D49}.Debug|Any CPU.Build.0 = Debug|Any CPU
		{3AB5F38B-F869-41AF-A72E-83320F1B7D49}.Release|Any CPU.ActiveCfg = Release|Any CPU
		{3AB5F38B-F869-41AF-A72E-83320F1B7D49}.Release|Any CPU.Build.0 = Release|Any CPU
		{A820210E-D0EA-404E-B6C2-A0076C2DF1D6}.Debug|Any CPU.ActiveCfg = Debug|Any CPU
		{A820210E-D0EA-404E-B6C2-A0076C2DF1D6}.Debug|Any CPU.Build.0 = Debug|Any CPU
		{A820210E-D0EA-404E-B6C2-A0076C2DF1D6}.Release|Any CPU.ActiveCfg = Release|Any CPU
		{A820210E-D0EA-404E-B6C2-A0076C2DF1D6}.Release|Any CPU.Build.0 = Release|Any CPU
		{77FEA2D0-7642-40AF-9830-50B90774D382}.Debug|Any CPU.ActiveCfg = Debug|Any CPU
		{77FEA2D0-7642-40AF-9830-50B90774D382}.Debug|Any CPU.Build.0 = Debug|Any CPU
		{77FEA2D0-7642-40AF-9830-50B90774D382}.Release|Any CPU.ActiveCfg = Release|Any CPU
		{77FEA2D0-7642-40AF-9830-50B90774D382}.Release|Any CPU.Build.0 = Release|Any CPU
	EndGlobalSection
	GlobalSection(SolutionProperties) = preSolution
		HideSolutionNode = FALSE
	EndGlobalSection
	GlobalSection(ExtensibilityGlobals) = postSolution
		SolutionGuid = {A0DEA3ED-C301-4596-8091-44C5085FBD15}
	EndGlobalSection
EndGlobal
